// !$*UTF8*$!
{
	archiveVersion = 1;
	classes = {
	};
	objectVersion = 55;
	objects = {

/* Begin PBXBuildFile section */
		6008F1116CDA3AB5BF37ABEA /* Pods_SpecialTheater.framework in Frameworks */ = {isa = PBXBuildFile; fileRef = 45C01574F13925E5DC99F6A7 /* Pods_SpecialTheater.framework */; };
		A838B95E281E40C6001C01AD /* MovieItem.xib in Resources */ = {isa = PBXBuildFile; fileRef = A838B95D281E40C6001C01AD /* MovieItem.xib */; };
		A838B962281E4C31001C01AD /* MovieItem.swift in Sources */ = {isa = PBXBuildFile; fileRef = A838B961281E4C31001C01AD /* MovieItem.swift */; };
		A83F6C3A28176B9100621B07 /* AppDelegate.swift in Sources */ = {isa = PBXBuildFile; fileRef = A83F6C3928176B9100621B07 /* AppDelegate.swift */; };
		A83F6C3C28176B9100621B07 /* SceneDelegate.swift in Sources */ = {isa = PBXBuildFile; fileRef = A83F6C3B28176B9100621B07 /* SceneDelegate.swift */; };
		A83F6C3E28176B9100621B07 /* MainVC.swift in Sources */ = {isa = PBXBuildFile; fileRef = A83F6C3D28176B9100621B07 /* MainVC.swift */; };
		A83F6C4128176B9100621B07 /* Main.storyboard in Resources */ = {isa = PBXBuildFile; fileRef = A83F6C3F28176B9100621B07 /* Main.storyboard */; };
		A83F6C4328176B9400621B07 /* Assets.xcassets in Resources */ = {isa = PBXBuildFile; fileRef = A83F6C4228176B9400621B07 /* Assets.xcassets */; };
		A83F6C4628176B9400621B07 /* LaunchScreen.storyboard in Resources */ = {isa = PBXBuildFile; fileRef = A83F6C4428176B9400621B07 /* LaunchScreen.storyboard */; };
		A8834075281FADBB0097F149 /* TheaterSelectionVC.swift in Sources */ = {isa = PBXBuildFile; fileRef = A8834074281FADBB0097F149 /* TheaterSelectionVC.swift */; };
		A88340772820CEFC0097F149 /* ReviewVC.swift in Sources */ = {isa = PBXBuildFile; fileRef = A88340762820CEFC0097F149 /* ReviewVC.swift */; };
		A88340792820CF860097F149 /* ReviewWrtingVC.swift in Sources */ = {isa = PBXBuildFile; fileRef = A88340782820CF860097F149 /* ReviewWrtingVC.swift */; };
		A8BD8B68284A42C10003DBD9 /* GoogleService-Info.plist in Resources */ = {isa = PBXBuildFile; fileRef = A8BD8B67284A42C10003DBD9 /* GoogleService-Info.plist */; };
		A8BD8B6A284A49C00003DBD9 /* ReviewItem.xib in Resources */ = {isa = PBXBuildFile; fileRef = A8BD8B69284A49C00003DBD9 /* ReviewItem.xib */; };
		A8BD8B6C284B3F820003DBD9 /* ReviewItem.swift in Sources */ = {isa = PBXBuildFile; fileRef = A8BD8B6B284B3F820003DBD9 /* ReviewItem.swift */; };
		A8BD8B6F284B8C850003DBD9 /* ReviewContent.swift in Sources */ = {isa = PBXBuildFile; fileRef = A8BD8B6D284B8C850003DBD9 /* ReviewContent.swift */; };
		A8BD8B70284B8C850003DBD9 /* ReviewContent.xib in Resources */ = {isa = PBXBuildFile; fileRef = A8BD8B6E284B8C850003DBD9 /* ReviewContent.xib */; };
		A8C6969F2833BABA00DF22A3 /* ReviewWrting.storyboard in Resources */ = {isa = PBXBuildFile; fileRef = A8C6969E2833BABA00DF22A3 /* ReviewWrting.storyboard */; };
		A8C696A22833BB0300DF22A3 /* Review.storyboard in Resources */ = {isa = PBXBuildFile; fileRef = A8C696A02833BB0300DF22A3 /* Review.storyboard */; };
		A8C696A42833BB2A00DF22A3 /* TheaterSelection.storyboard in Resources */ = {isa = PBXBuildFile; fileRef = A8C696A32833BB2A00DF22A3 /* TheaterSelection.storyboard */; };
		A8C696A62833DA5800DF22A3 /* TheaterItem.swift in Sources */ = {isa = PBXBuildFile; fileRef = A8C696A52833DA5800DF22A3 /* TheaterItem.swift */; };
		A8F8DC26282E26B00032C14E /* TheaterItem.xib in Resources */ = {isa = PBXBuildFile; fileRef = A8F8DC25282E26B00032C14E /* TheaterItem.xib */; };
/* End PBXBuildFile section */

/* Begin PBXFileReference section */
		45C01574F13925E5DC99F6A7 /* Pods_SpecialTheater.framework */ = {isa = PBXFileReference; explicitFileType = wrapper.framework; includeInIndex = 0; path = Pods_SpecialTheater.framework; sourceTree = BUILT_PRODUCTS_DIR; };
		55BBDEC90483D171F630EA35 /* Pods-SpecialTheater.release.xcconfig */ = {isa = PBXFileReference; includeInIndex = 1; lastKnownFileType = text.xcconfig; name = "Pods-SpecialTheater.release.xcconfig"; path = "Target Support Files/Pods-SpecialTheater/Pods-SpecialTheater.release.xcconfig"; sourceTree = "<group>"; };
		9FF01E929A376259EC76FABA /* Pods-SpecialTheater.debug.xcconfig */ = {isa = PBXFileReference; includeInIndex = 1; lastKnownFileType = text.xcconfig; name = "Pods-SpecialTheater.debug.xcconfig"; path = "Target Support Files/Pods-SpecialTheater/Pods-SpecialTheater.debug.xcconfig"; sourceTree = "<group>"; };
		A838B95D281E40C6001C01AD /* MovieItem.xib */ = {isa = PBXFileReference; lastKnownFileType = file.xib; path = MovieItem.xib; sourceTree = "<group>"; };
		A838B961281E4C31001C01AD /* MovieItem.swift */ = {isa = PBXFileReference; lastKnownFileType = sourcecode.swift; path = MovieItem.swift; sourceTree = "<group>"; };
		A83F6C3628176B9100621B07 /* SpecialTheater.app */ = {isa = PBXFileReference; explicitFileType = wrapper.application; includeInIndex = 0; path = SpecialTheater.app; sourceTree = BUILT_PRODUCTS_DIR; };
		A83F6C3928176B9100621B07 /* AppDelegate.swift */ = {isa = PBXFileReference; lastKnownFileType = sourcecode.swift; path = AppDelegate.swift; sourceTree = "<group>"; };
		A83F6C3B28176B9100621B07 /* SceneDelegate.swift */ = {isa = PBXFileReference; lastKnownFileType = sourcecode.swift; path = SceneDelegate.swift; sourceTree = "<group>"; };
		A83F6C3D28176B9100621B07 /* MainVC.swift */ = {isa = PBXFileReference; lastKnownFileType = sourcecode.swift; path = MainVC.swift; sourceTree = "<group>"; };
		A83F6C4028176B9100621B07 /* Base */ = {isa = PBXFileReference; lastKnownFileType = file.storyboard; name = Base; path = Base.lproj/Main.storyboard; sourceTree = "<group>"; };
		A83F6C4228176B9400621B07 /* Assets.xcassets */ = {isa = PBXFileReference; lastKnownFileType = folder.assetcatalog; path = Assets.xcassets; sourceTree = "<group>"; };
		A83F6C4528176B9400621B07 /* Base */ = {isa = PBXFileReference; lastKnownFileType = file.storyboard; name = Base; path = Base.lproj/LaunchScreen.storyboard; sourceTree = "<group>"; };
		A83F6C4728176B9400621B07 /* Info.plist */ = {isa = PBXFileReference; lastKnownFileType = text.plist.xml; path = Info.plist; sourceTree = "<group>"; };
		A8834074281FADBB0097F149 /* TheaterSelectionVC.swift */ = {isa = PBXFileReference; lastKnownFileType = sourcecode.swift; path = TheaterSelectionVC.swift; sourceTree = "<group>"; };
		A88340762820CEFC0097F149 /* ReviewVC.swift */ = {isa = PBXFileReference; lastKnownFileType = sourcecode.swift; path = ReviewVC.swift; sourceTree = "<group>"; };
		A88340782820CF860097F149 /* ReviewWrtingVC.swift */ = {isa = PBXFileReference; lastKnownFileType = sourcecode.swift; path = ReviewWrtingVC.swift; sourceTree = "<group>"; };
		A8BD8B67284A42C10003DBD9 /* GoogleService-Info.plist */ = {isa = PBXFileReference; lastKnownFileType = text.plist; path = "GoogleService-Info.plist"; sourceTree = SOURCE_ROOT; };
		A8BD8B69284A49C00003DBD9 /* ReviewItem.xib */ = {isa = PBXFileReference; lastKnownFileType = file.xib; path = ReviewItem.xib; sourceTree = "<group>"; };
		A8BD8B6B284B3F820003DBD9 /* ReviewItem.swift */ = {isa = PBXFileReference; lastKnownFileType = sourcecode.swift; path = ReviewItem.swift; sourceTree = "<group>"; };
		A8BD8B6D284B8C850003DBD9 /* ReviewContent.swift */ = {isa = PBXFileReference; lastKnownFileType = sourcecode.swift; path = ReviewContent.swift; sourceTree = "<group>"; };
		A8BD8B6E284B8C850003DBD9 /* ReviewContent.xib */ = {isa = PBXFileReference; lastKnownFileType = file.xib; path = ReviewContent.xib; sourceTree = "<group>"; };
		A8C6969E2833BABA00DF22A3 /* ReviewWrting.storyboard */ = {isa = PBXFileReference; fileEncoding = 4; lastKnownFileType = file.storyboard; path = ReviewWrting.storyboard; sourceTree = "<group>"; };
		A8C696A12833BB0300DF22A3 /* Base */ = {isa = PBXFileReference; lastKnownFileType = file.storyboard; name = Base; path = SpecialTheater/Base.lproj/Review.storyboard; sourceTree = "<group>"; };
		A8C696A32833BB2A00DF22A3 /* TheaterSelection.storyboard */ = {isa = PBXFileReference; fileEncoding = 4; lastKnownFileType = file.storyboard; path = TheaterSelection.storyboard; sourceTree = "<group>"; };
		A8C696A52833DA5800DF22A3 /* TheaterItem.swift */ = {isa = PBXFileReference; lastKnownFileType = sourcecode.swift; path = TheaterItem.swift; sourceTree = "<group>"; };
		A8F8DC25282E26B00032C14E /* TheaterItem.xib */ = {isa = PBXFileReference; lastKnownFileType = file.xib; path = TheaterItem.xib; sourceTree = "<group>"; };
/* End PBXFileReference section */

/* Begin PBXFrameworksBuildPhase section */
		A83F6C3328176B9100621B07 /* Frameworks */ = {
			isa = PBXFrameworksBuildPhase;
			buildActionMask = 2147483647;
			files = (
				6008F1116CDA3AB5BF37ABEA /* Pods_SpecialTheater.framework in Frameworks */,
			);
			runOnlyForDeploymentPostprocessing = 0;
		};
/* End PBXFrameworksBuildPhase section */

/* Begin PBXGroup section */
		85D5D51E187009D632AD0ABD /* Frameworks */ = {
			isa = PBXGroup;
			children = (
				45C01574F13925E5DC99F6A7 /* Pods_SpecialTheater.framework */,
			);
			name = Frameworks;
			sourceTree = "<group>";
		};
		898F6004A61E05BA265C249B /* Pods */ = {
			isa = PBXGroup;
			children = (
				9FF01E929A376259EC76FABA /* Pods-SpecialTheater.debug.xcconfig */,
				55BBDEC90483D171F630EA35 /* Pods-SpecialTheater.release.xcconfig */,
			);
			path = Pods;
			sourceTree = "<group>";
		};
		A83F6C2D28176B9100621B07 = {
			isa = PBXGroup;
			children = (
				A83F6C3828176B9100621B07 /* SpecialTheater */,
				A83F6C3728176B9100621B07 /* Products */,
				898F6004A61E05BA265C249B /* Pods */,
				85D5D51E187009D632AD0ABD /* Frameworks */,
			);
			sourceTree = "<group>";
		};
		A83F6C3728176B9100621B07 /* Products */ = {
			isa = PBXGroup;
			children = (
				A83F6C3628176B9100621B07 /* SpecialTheater.app */,
			);
			name = Products;
			sourceTree = "<group>";
		};
		A83F6C3828176B9100621B07 /* SpecialTheater */ = {
			isa = PBXGroup;
			children = (
				A8BD8B67284A42C10003DBD9 /* GoogleService-Info.plist */,
				A8C696A32833BB2A00DF22A3 /* TheaterSelection.storyboard */,
				A8C696A02833BB0300DF22A3 /* Review.storyboard */,
				A8C6969E2833BABA00DF22A3 /* ReviewWrting.storyboard */,
				A8BD8B69284A49C00003DBD9 /* ReviewItem.xib */,
				A8BD8B6B284B3F820003DBD9 /* ReviewItem.swift */,
				A83F6C3928176B9100621B07 /* AppDelegate.swift */,
				A83F6C3B28176B9100621B07 /* SceneDelegate.swift */,
				A83F6C3D28176B9100621B07 /* MainVC.swift */,
				A83F6C3F28176B9100621B07 /* Main.storyboard */,
				A88340782820CF860097F149 /* ReviewWrtingVC.swift */,
				A88340762820CEFC0097F149 /* ReviewVC.swift */,
				A8BD8B6D284B8C850003DBD9 /* ReviewContent.swift */,
				A8BD8B6E284B8C850003DBD9 /* ReviewContent.xib */,
				A8834074281FADBB0097F149 /* TheaterSelectionVC.swift */,
				A83F6C4228176B9400621B07 /* Assets.xcassets */,
				A83F6C4428176B9400621B07 /* LaunchScreen.storyboard */,
				A83F6C4728176B9400621B07 /* Info.plist */,
				A838B95D281E40C6001C01AD /* MovieItem.xib */,
				A8F8DC25282E26B00032C14E /* TheaterItem.xib */,
				A838B961281E4C31001C01AD /* MovieItem.swift */,
				A8C696A52833DA5800DF22A3 /* TheaterItem.swift */,
			);
			path = SpecialTheater;
			sourceTree = "<group>";
		};
/* End PBXGroup section */

/* Begin PBXNativeTarget section */
		A83F6C3528176B9100621B07 /* SpecialTheater */ = {
			isa = PBXNativeTarget;
			buildConfigurationList = A83F6C4A28176B9400621B07 /* Build configuration list for PBXNativeTarget "SpecialTheater" */;
			buildPhases = (
				1DBF4C3BA0A0CD1C8DF5E0AC /* [CP] Check Pods Manifest.lock */,
				A83F6C3228176B9100621B07 /* Sources */,
				A83F6C3328176B9100621B07 /* Frameworks */,
				A83F6C3428176B9100621B07 /* Resources */,
				ADF7CDD634B92D7ECFE6129E /* [CP] Embed Pods Frameworks */,
			);
			buildRules = (
			);
			dependencies = (
			);
			name = SpecialTheater;
			productName = SpecialTheater;
			productReference = A83F6C3628176B9100621B07 /* SpecialTheater.app */;
			productType = "com.apple.product-type.application";
		};
/* End PBXNativeTarget section */

/* Begin PBXProject section */
		A83F6C2E28176B9100621B07 /* Project object */ = {
			isa = PBXProject;
			attributes = {
				BuildIndependentTargetsInParallel = 1;
				LastSwiftUpdateCheck = 1330;
				LastUpgradeCheck = 1330;
				TargetAttributes = {
					A83F6C3528176B9100621B07 = {
						CreatedOnToolsVersion = 13.3.1;
					};
				};
			};
			buildConfigurationList = A83F6C3128176B9100621B07 /* Build configuration list for PBXProject "SpecialTheater" */;
			compatibilityVersion = "Xcode 13.0";
			developmentRegion = en;
			hasScannedForEncodings = 0;
			knownRegions = (
				en,
				Base,
			);
			mainGroup = A83F6C2D28176B9100621B07;
			productRefGroup = A83F6C3728176B9100621B07 /* Products */;
			projectDirPath = "";
			projectRoot = "";
			targets = (
				A83F6C3528176B9100621B07 /* SpecialTheater */,
			);
		};
/* End PBXProject section */

/* Begin PBXResourcesBuildPhase section */
		A83F6C3428176B9100621B07 /* Resources */ = {
			isa = PBXResourcesBuildPhase;
			buildActionMask = 2147483647;
			files = (
				A83F6C4628176B9400621B07 /* LaunchScreen.storyboard in Resources */,
				A8C6969F2833BABA00DF22A3 /* ReviewWrting.storyboard in Resources */,
				A8BD8B68284A42C10003DBD9 /* GoogleService-Info.plist in Resources */,
				A8F8DC26282E26B00032C14E /* TheaterItem.xib in Resources */,
				A8BD8B70284B8C850003DBD9 /* ReviewContent.xib in Resources */,
				A8BD8B6A284A49C00003DBD9 /* ReviewItem.xib in Resources */,
				A838B95E281E40C6001C01AD /* MovieItem.xib in Resources */,
				A83F6C4328176B9400621B07 /* Assets.xcassets in Resources */,
				A8C696A42833BB2A00DF22A3 /* TheaterSelection.storyboard in Resources */,
				A83F6C4128176B9100621B07 /* Main.storyboard in Resources */,
				A8C696A22833BB0300DF22A3 /* Review.storyboard in Resources */,
			);
			runOnlyForDeploymentPostprocessing = 0;
		};
/* End PBXResourcesBuildPhase section */

/* Begin PBXShellScriptBuildPhase section */
		1DBF4C3BA0A0CD1C8DF5E0AC /* [CP] Check Pods Manifest.lock */ = {
			isa = PBXShellScriptBuildPhase;
			buildActionMask = 2147483647;
			files = (
			);
			inputFileListPaths = (
			);
			inputPaths = (
				"${PODS_PODFILE_DIR_PATH}/Podfile.lock",
				"${PODS_ROOT}/Manifest.lock",
			);
			name = "[CP] Check Pods Manifest.lock";
			outputFileListPaths = (
			);
			outputPaths = (
				"$(DERIVED_FILE_DIR)/Pods-SpecialTheater-checkManifestLockResult.txt",
			);
			runOnlyForDeploymentPostprocessing = 0;
			shellPath = /bin/sh;
			shellScript = "diff \"${PODS_PODFILE_DIR_PATH}/Podfile.lock\" \"${PODS_ROOT}/Manifest.lock\" > /dev/null\nif [ $? != 0 ] ; then\n    # print error to STDERR\n    echo \"error: The sandbox is not in sync with the Podfile.lock. Run 'pod install' or update your CocoaPods installation.\" >&2\n    exit 1\nfi\n# This output is used by Xcode 'outputs' to avoid re-running this script phase.\necho \"SUCCESS\" > \"${SCRIPT_OUTPUT_FILE_0}\"\n";
			showEnvVarsInLog = 0;
		};
		ADF7CDD634B92D7ECFE6129E /* [CP] Embed Pods Frameworks */ = {
			isa = PBXShellScriptBuildPhase;
			buildActionMask = 2147483647;
			files = (
			);
			inputFileListPaths = (
				"${PODS_ROOT}/Target Support Files/Pods-SpecialTheater/Pods-SpecialTheater-frameworks-${CONFIGURATION}-input-files.xcfilelist",
			);
			name = "[CP] Embed Pods Frameworks";
			outputFileListPaths = (
				"${PODS_ROOT}/Target Support Files/Pods-SpecialTheater/Pods-SpecialTheater-frameworks-${CONFIGURATION}-output-files.xcfilelist",
			);
			runOnlyForDeploymentPostprocessing = 0;
			shellPath = /bin/sh;
			shellScript = "\"${PODS_ROOT}/Target Support Files/Pods-SpecialTheater/Pods-SpecialTheater-frameworks.sh\"\n";
			showEnvVarsInLog = 0;
		};
/* End PBXShellScriptBuildPhase section */

/* Begin PBXSourcesBuildPhase section */
		A83F6C3228176B9100621B07 /* Sources */ = {
			isa = PBXSourcesBuildPhase;
			buildActionMask = 2147483647;
			files = (
				A83F6C3E28176B9100621B07 /* MainVC.swift in Sources */,
				A8834075281FADBB0097F149 /* TheaterSelectionVC.swift in Sources */,
				A8C696A62833DA5800DF22A3 /* TheaterItem.swift in Sources */,
				A838B962281E4C31001C01AD /* MovieItem.swift in Sources */,
				A8BD8B6C284B3F820003DBD9 /* ReviewItem.swift in Sources */,
				A8BD8B6F284B8C850003DBD9 /* ReviewContent.swift in Sources */,
				A88340792820CF860097F149 /* ReviewWrtingVC.swift in Sources */,
				A88340772820CEFC0097F149 /* ReviewVC.swift in Sources */,
				A83F6C3A28176B9100621B07 /* AppDelegate.swift in Sources */,
				A83F6C3C28176B9100621B07 /* SceneDelegate.swift in Sources */,
			);
			runOnlyForDeploymentPostprocessing = 0;
		};
/* End PBXSourcesBuildPhase section */

/* Begin PBXVariantGroup section */
		A83F6C3F28176B9100621B07 /* Main.storyboard */ = {
			isa = PBXVariantGroup;
			children = (
				A83F6C4028176B9100621B07 /* Base */,
			);
			name = Main.storyboard;
			sourceTree = "<group>";
		};
		A83F6C4428176B9400621B07 /* LaunchScreen.storyboard */ = {
			isa = PBXVariantGroup;
			children = (
				A83F6C4528176B9400621B07 /* Base */,
			);
			name = LaunchScreen.storyboard;
			sourceTree = "<group>";
		};
		A8C696A02833BB0300DF22A3 /* Review.storyboard */ = {
			isa = PBXVariantGroup;
			children = (
				A8C696A12833BB0300DF22A3 /* Base */,
			);
			name = Review.storyboard;
			sourceTree = "<group>";
		};
/* End PBXVariantGroup section */

/* Begin XCBuildConfiguration section */
		A83F6C4828176B9400621B07 /* Debug */ = {
			isa = XCBuildConfiguration;
			buildSettings = {
				ALWAYS_SEARCH_USER_PATHS = NO;
				CLANG_ANALYZER_NONNULL = YES;
				CLANG_ANALYZER_NUMBER_OBJECT_CONVERSION = YES_AGGRESSIVE;
				CLANG_CXX_LANGUAGE_STANDARD = "gnu++17";
				CLANG_ENABLE_MODULES = YES;
				CLANG_ENABLE_OBJC_ARC = YES;
				CLANG_ENABLE_OBJC_WEAK = YES;
				CLANG_WARN_BLOCK_CAPTURE_AUTORELEASING = YES;
				CLANG_WARN_BOOL_CONVERSION = YES;
				CLANG_WARN_COMMA = YES;
				CLANG_WARN_CONSTANT_CONVERSION = YES;
				CLANG_WARN_DEPRECATED_OBJC_IMPLEMENTATIONS = YES;
				CLANG_WARN_DIRECT_OBJC_ISA_USAGE = YES_ERROR;
				CLANG_WARN_DOCUMENTATION_COMMENTS = YES;
				CLANG_WARN_EMPTY_BODY = YES;
				CLANG_WARN_ENUM_CONVERSION = YES;
				CLANG_WARN_INFINITE_RECURSION = YES;
				CLANG_WARN_INT_CONVERSION = YES;
				CLANG_WARN_NON_LITERAL_NULL_CONVERSION = YES;
				CLANG_WARN_OBJC_IMPLICIT_RETAIN_SELF = YES;
				CLANG_WARN_OBJC_LITERAL_CONVERSION = YES;
				CLANG_WARN_OBJC_ROOT_CLASS = YES_ERROR;
				CLANG_WARN_QUOTED_INCLUDE_IN_FRAMEWORK_HEADER = YES;
				CLANG_WARN_RANGE_LOOP_ANALYSIS = YES;
				CLANG_WARN_STRICT_PROTOTYPES = YES;
				CLANG_WARN_SUSPICIOUS_MOVE = YES;
				CLANG_WARN_UNGUARDED_AVAILABILITY = YES_AGGRESSIVE;
				CLANG_WARN_UNREACHABLE_CODE = YES;
				CLANG_WARN__DUPLICATE_METHOD_MATCH = YES;
				COPY_PHASE_STRIP = NO;
				DEBUG_INFORMATION_FORMAT = dwarf;
				ENABLE_STRICT_OBJC_MSGSEND = YES;
				ENABLE_TESTABILITY = YES;
				GCC_C_LANGUAGE_STANDARD = gnu11;
				GCC_DYNAMIC_NO_PIC = NO;
				GCC_NO_COMMON_BLOCKS = YES;
				GCC_OPTIMIZATION_LEVEL = 0;
				GCC_PREPROCESSOR_DEFINITIONS = (
					"DEBUG=1",
					"$(inherited)",
				);
				GCC_WARN_64_TO_32_BIT_CONVERSION = YES;
				GCC_WARN_ABOUT_RETURN_TYPE = YES_ERROR;
				GCC_WARN_UNDECLARED_SELECTOR = YES;
				GCC_WARN_UNINITIALIZED_AUTOS = YES_AGGRESSIVE;
				GCC_WARN_UNUSED_FUNCTION = YES;
				GCC_WARN_UNUSED_VARIABLE = YES;
				IPHONEOS_DEPLOYMENT_TARGET = 15.4;
				MTL_ENABLE_DEBUG_INFO = INCLUDE_SOURCE;
				MTL_FAST_MATH = YES;
				ONLY_ACTIVE_ARCH = YES;
				SDKROOT = iphoneos;
				SWIFT_ACTIVE_COMPILATION_CONDITIONS = DEBUG;
				SWIFT_OPTIMIZATION_LEVEL = "-Onone";
			};
			name = Debug;
		};
		A83F6C4928176B9400621B07 /* Release */ = {
			isa = XCBuildConfiguration;
			buildSettings = {
				ALWAYS_SEARCH_USER_PATHS = NO;
				CLANG_ANALYZER_NONNULL = YES;
				CLANG_ANALYZER_NUMBER_OBJECT_CONVERSION = YES_AGGRESSIVE;
				CLANG_CXX_LANGUAGE_STANDARD = "gnu++17";
				CLANG_ENABLE_MODULES = YES;
				CLANG_ENABLE_OBJC_ARC = YES;
				CLANG_ENABLE_OBJC_WEAK = YES;
				CLANG_WARN_BLOCK_CAPTURE_AUTORELEASING = YES;
				CLANG_WARN_BOOL_CONVERSION = YES;
				CLANG_WARN_COMMA = YES;
				CLANG_WARN_CONSTANT_CONVERSION = YES;
				CLANG_WARN_DEPRECATED_OBJC_IMPLEMENTATIONS = YES;
				CLANG_WARN_DIRECT_OBJC_ISA_USAGE = YES_ERROR;
				CLANG_WARN_DOCUMENTATION_COMMENTS = YES;
				CLANG_WARN_EMPTY_BODY = YES;
				CLANG_WARN_ENUM_CONVERSION = YES;
				CLANG_WARN_INFINITE_RECURSION = YES;
				CLANG_WARN_INT_CONVERSION = YES;
				CLANG_WARN_NON_LITERAL_NULL_CONVERSION = YES;
				CLANG_WARN_OBJC_IMPLICIT_RETAIN_SELF = YES;
				CLANG_WARN_OBJC_LITERAL_CONVERSION = YES;
				CLANG_WARN_OBJC_ROOT_CLASS = YES_ERROR;
				CLANG_WARN_QUOTED_INCLUDE_IN_FRAMEWORK_HEADER = YES;
				CLANG_WARN_RANGE_LOOP_ANALYSIS = YES;
				CLANG_WARN_STRICT_PROTOTYPES = YES;
				CLANG_WARN_SUSPICIOUS_MOVE = YES;
				CLANG_WARN_UNGUARDED_AVAILABILITY = YES_AGGRESSIVE;
				CLANG_WARN_UNREACHABLE_CODE = YES;
				CLANG_WARN__DUPLICATE_METHOD_MATCH = YES;
				COPY_PHASE_STRIP = NO;
				DEBUG_INFORMATION_FORMAT = "dwarf-with-dsym";
				ENABLE_NS_ASSERTIONS = NO;
				ENABLE_STRICT_OBJC_MSGSEND = YES;
				GCC_C_LANGUAGE_STANDARD = gnu11;
				GCC_NO_COMMON_BLOCKS = YES;
				GCC_WARN_64_TO_32_BIT_CONVERSION = YES;
				GCC_WARN_ABOUT_RETURN_TYPE = YES_ERROR;
				GCC_WARN_UNDECLARED_SELECTOR = YES;
				GCC_WARN_UNINITIALIZED_AUTOS = YES_AGGRESSIVE;
				GCC_WARN_UNUSED_FUNCTION = YES;
				GCC_WARN_UNUSED_VARIABLE = YES;
				IPHONEOS_DEPLOYMENT_TARGET = 15.4;
				MTL_ENABLE_DEBUG_INFO = NO;
				MTL_FAST_MATH = YES;
				SDKROOT = iphoneos;
				SWIFT_COMPILATION_MODE = wholemodule;
				SWIFT_OPTIMIZATION_LEVEL = "-O";
				VALIDATE_PRODUCT = YES;
			};
			name = Release;
		};
		A83F6C4B28176B9400621B07 /* Debug */ = {
			isa = XCBuildConfiguration;
			baseConfigurationReference = 9FF01E929A376259EC76FABA /* Pods-SpecialTheater.debug.xcconfig */;
			buildSettings = {
				ASSETCATALOG_COMPILER_APPICON_NAME = AppIcon;
				ASSETCATALOG_COMPILER_GLOBAL_ACCENT_COLOR_NAME = AccentColor;
				CODE_SIGN_STYLE = Automatic;
				CURRENT_PROJECT_VERSION = 1;
				DEVELOPMENT_TEAM = G8Y8JT658Y;
				GENERATE_INFOPLIST_FILE = YES;
				INFOPLIST_FILE = SpecialTheater/Info.plist;
				INFOPLIST_KEY_UIApplicationSupportsIndirectInputEvents = YES;
				INFOPLIST_KEY_UILaunchStoryboardName = LaunchScreen;
				INFOPLIST_KEY_UIMainStoryboardFile = Main;
				INFOPLIST_KEY_UISupportedInterfaceOrientations_iPad = "UIInterfaceOrientationPortrait UIInterfaceOrientationPortraitUpsideDown UIInterfaceOrientationLandscapeLeft UIInterfaceOrientationLandscapeRight";
				INFOPLIST_KEY_UISupportedInterfaceOrientations_iPhone = "UIInterfaceOrientationPortrait UIInterfaceOrientationLandscapeLeft UIInterfaceOrientationLandscapeRight";
				LD_RUNPATH_SEARCH_PATHS = (
					"$(inherited)",
					"@executable_path/Frameworks",
				);
				MARKETING_VERSION = 1.0;
				PRODUCT_BUNDLE_IDENTIFIER = com.taejeong.SpecialTheater;
				PRODUCT_NAME = "$(TARGET_NAME)";
				SWIFT_EMIT_LOC_STRINGS = YES;
				SWIFT_VERSION = 5.0;
				TARGETED_DEVICE_FAMILY = 1;
			};
			name = Debug;
		};
		A83F6C4C28176B9400621B07 /* Release */ = {
			isa = XCBuildConfiguration;
			baseConfigurationReference = 55BBDEC90483D171F630EA35 /* Pods-SpecialTheater.release.xcconfig */;
			buildSettings = {
				ASSETCATALOG_COMPILER_APPICON_NAME = AppIcon;
				ASSETCATALOG_COMPILER_GLOBAL_ACCENT_COLOR_NAME = AccentColor;
				CODE_SIGN_STYLE = Automatic;
				CURRENT_PROJECT_VERSION = 1;
				DEVELOPMENT_TEAM = G8Y8JT658Y;
				GENERATE_INFOPLIST_FILE = YES;
				INFOPLIST_FILE = SpecialTheater/Info.plist;
				INFOPLIST_KEY_UIApplicationSupportsIndirectInputEvents = YES;
				INFOPLIST_KEY_UILaunchStoryboardName = LaunchScreen;
				INFOPLIST_KEY_UIMainStoryboardFile = Main;
				INFOPLIST_KEY_UISupportedInterfaceOrientations_iPad = "UIInterfaceOrientationPortrait UIInterfaceOrientationPortraitUpsideDown UIInterfaceOrientationLandscapeLeft UIInterfaceOrientationLandscapeRight";
				INFOPLIST_KEY_UISupportedInterfaceOrientations_iPhone = "UIInterfaceOrientationPortrait UIInterfaceOrientationLandscapeLeft UIInterfaceOrientationLandscapeRight";
				LD_RUNPATH_SEARCH_PATHS = (
					"$(inherited)",
					"@executable_path/Frameworks",
				);
				MARKETING_VERSION = 1.0;
				PRODUCT_BUNDLE_IDENTIFIER = com.taejeong.SpecialTheater;
				PRODUCT_NAME = "$(TARGET_NAME)";
				SWIFT_EMIT_LOC_STRINGS = YES;
				SWIFT_VERSION = 5.0;
				TARGETED_DEVICE_FAMILY = 1;
			};
			name = Release;
		};
/* End XCBuildConfiguration section */

/* Begin XCConfigurationList section */
		A83F6C3128176B9100621B07 /* Build configuration list for PBXProject "SpecialTheater" */ = {
			isa = XCConfigurationList;
			buildConfigurations = (
				A83F6C4828176B9400621B07 /* Debug */,
				A83F6C4928176B9400621B07 /* Release */,
			);
			defaultConfigurationIsVisible = 0;
			defaultConfigurationName = Release;
		};
		A83F6C4A28176B9400621B07 /* Build configuration list for PBXNativeTarget "SpecialTheater" */ = {
			isa = XCConfigurationList;
			buildConfigurations = (
				A83F6C4B28176B9400621B07 /* Debug */,
				A83F6C4C28176B9400621B07 /* Release */,
			);
			defaultConfigurationIsVisible = 0;
			defaultConfigurationName = Release;
		};
/* End XCConfigurationList section */
	};
	rootObject = A83F6C2E28176B9100621B07 /* Project object */;
}
